{
  "version": 4,
  "terraform_version": "1.3.8",
  "serial": 3,
  "lineage": "e07879b4-6447-f10b-ab92-5fbac60140e0",
  "outputs": {},
  "resources": [
    {
      "mode": "managed",
      "type": "scaleway_object_bucket",
      "name": "lawandorga_main_infrastructure",
      "provider": "provider[\"registry.terraform.io/scaleway/scaleway\"]",
      "instances": [
        {
          "schema_version": 0,
          "attributes": {
            "acl": "private",
            "cors_rule": [],
            "endpoint": "https://lawandorga-main-infrastructure.s3.fr-par.scw.cloud",
            "force_destroy": false,
            "id": "fr-par/lawandorga-main-infrastructure",
            "lifecycle_rule": [],
            "name": "lawandorga-main-infrastructure",
            "object_lock_enabled": false,
            "project_id": "49933f64-888c-4b13-9010-c8622495d464",
            "region": "fr-par",
            "tags": {},
            "timeouts": null,
            "versioning": [
              {
                "enabled": false
              }
            ]
          },
          "sensitive_attributes": [],
          "private": "eyJlMmJmYjczMC1lY2FhLTExZTYtOGY4OC0zNDM2M2JjN2M0YzAiOnsiY3JlYXRlIjo2MDAwMDAwMDAwMDAsImRlZmF1bHQiOjYwMDAwMDAwMDAwMCwiZGVsZXRlIjo2MDAwMDAwMDAwMDAsInJlYWQiOjYwMDAwMDAwMDAwMCwidXBkYXRlIjo2MDAwMDAwMDAwMDB9fQ=="
        }
      ]
    }
  ],
  "check_results": null
}
